<?xml version="1.0" encoding="utf-8"?>
<Project ToolsVersion="4.0" xmlns="http://schemas.microsoft.com/developer/msbuild/2003">
  <ItemGroup>
    <Filter Include="來源檔案">
      <UniqueIdentifier>{4FC737F1-C7A5-4376-A066-2A32D752A2FF}</UniqueIdentifier>
      <Extensions>cpp;c;cc;cxx;c++;cppm;ixx;def;odl;idl;hpj;bat;asm;asmx</Extensions>
    </Filter>
    <Filter Include="標頭檔">
      <UniqueIdentifier>{93995380-89BD-4b04-88EB-625FBE52EBFB}</UniqueIdentifier>
      <Extensions>h;hh;hpp;hxx;h++;hm;inl;inc;ipp;xsd</Extensions>
    </Filter>
    <Filter Include="資源檔">
      <UniqueIdentifier>{67DA6AB6-F800-4c08-8B7A-83BB121AAD01}</UniqueIdentifier>
      <Extensions>rc;ico;cur;bmp;dlg;rc2;rct;bin;rgs;gif;jpg;jpeg;jpe;resx;tiff;tif;png;wav;mfcribbon-ms</Extensions>
    </Filter>
  </ItemGroup>
  <ItemGroup>
    <ClCompile Include="RPG.cpp">
      <Filter>來源檔案</Filter>
    </ClCompile>
    <ClCompile Include="GameObject\Mob\FightableMob\Player\Player.cpp">
      <Filter>來源檔案</Filter>
    </ClCompile>
    <ClCompile Include="GameObject\Mob\Mob.cpp">
      <Filter>來源檔案</Filter>
    </ClCompile>
    <ClCompile Include="GameObject\Mob\Fightable.cpp">
      <Filter>來源檔案</Filter>
    </ClCompile>
    <ClCompile Include="GameObject\GameObject.cpp">
      <Filter>來源檔案</Filter>
    </ClCompile>
    <ClCompile Include="GameObject\NPC\NPC.cpp">
      <Filter>來源檔案</Filter>
    </ClCompile>
    <ClCompile Include="Utils\DamageObject.cpp">
      <Filter>來源檔案</Filter>
    </ClCompile>
    <ClCompile Include="ControlCenter\ControlCenter.cpp">
      <Filter>來源檔案</Filter>
    </ClCompile>
    <ClCompile Include="ControlCenter\Controller\FightController.cpp">
      <Filter>來源檔案</Filter>
    </ClCompile>
    <ClCompile Include="GameObject\Mob\FightableMob\FightableMob.cpp">
      <Filter>來源檔案</Filter>
    </ClCompile>
    <ClCompile Include="GameObject\Mob\FightableMob\Skill\Skill.cpp">
      <Filter>來源檔案</Filter>
    </ClCompile>
    <ClCompile Include="GameObject\Mob\FightableMob\Skill\SkillEffect\SkillEffects\HarmfulEffect.cpp">
      <Filter>來源檔案</Filter>
    </ClCompile>
    <ClCompile Include="GameObject\Mob\FightableMob\Skill\SkillEffect\SkillEffect.cpp">
      <Filter>來源檔案</Filter>
    </ClCompile>
    <ClCompile Include="ControlCenter\Controller\AttackController.cpp">
      <Filter>來源檔案</Filter>
    </ClCompile>
    <ClCompile Include="GameObject\Mob\FightableMob\Skill\Skills\FighterSkills\NormalAttack.cpp">
      <Filter>來源檔案</Filter>
    </ClCompile>
    <ClCompile Include="GameObject\Mob\FightableMob\Player\Hero\Fighter.cpp">
      <Filter>來源檔案</Filter>
    </ClCompile>
    <ClCompile Include="ControlCenter\Controller\CreateHeroController.cpp">
      <Filter>來源檔案</Filter>
    </ClCompile>
    <ClCompile Include="ControlCenter\Controller\GameController.cpp">
      <Filter>來源檔案</Filter>
    </ClCompile>
    <ClCompile Include="GameObject\Map\Map.cpp">
      <Filter>來源檔案</Filter>
    </ClCompile>
    <ClCompile Include="Utils\MapObjectGenerator\MapBuilder.cpp">
      <Filter>來源檔案</Filter>
    </ClCompile>
    <ClCompile Include="Utils\GameMap.cpp">
      <Filter>來源檔案</Filter>
    </ClCompile>
    <ClCompile Include="Utils\MapObjectGenerator\MapLinker.cpp">
      <Filter>來源檔案</Filter>
    </ClCompile>
    <ClCompile Include="Utils\MapObjectGenerator\GameMapGenerator.cpp">
      <Filter>來源檔案</Filter>
    </ClCompile>
    <ClCompile Include="GameObject\Mob\FightableMob\Enemy\Enemys\Wolf.cpp">
      <Filter>來源檔案</Filter>
    </ClCompile>
    <ClCompile Include="GameObject\Mob\FightableMob\Skill\Skills\EnemySkills\Bite.cpp">
      <Filter>來源檔案</Filter>
    </ClCompile>
    <ClCompile Include="GameObject\NPC\NPCs\Villager.cpp">
      <Filter>來源檔案</Filter>
    </ClCompile>
    <ClCompile Include="GameObject\Mob\FightableMob\Enemy\Enemy.cpp">
      <Filter>來源檔案</Filter>
    </ClCompile>
    <ClCompile Include="GameObject\Item\Item.cpp">
      <Filter>來源檔案</Filter>
    </ClCompile>
    <ClCompile Include="GameObject\Item\Items\WolfFur.cpp">
      <Filter>來源檔案</Filter>
    </ClCompile>
    <ClCompile Include="Utils\Booty.cpp">
      <Filter>來源檔案</Filter>
    </ClCompile>
    <ClCompile Include="GameObject\Item\Items\HealWater.cpp">
      <Filter>來源檔案</Filter>
    </ClCompile>
    <ClCompile Include="ControlCenter\Controller\InteractiveController.cpp">
      <Filter>來源檔案</Filter>
    </ClCompile>
    <ClCompile Include="Utils\DialogObject.cpp">
      <Filter>來源檔案</Filter>
    </ClCompile>
  </ItemGroup>
  <ItemGroup>
    <ClInclude Include="main.h">
      <Filter>標頭檔</Filter>
    </ClInclude>
    <ClInclude Include="GameObject\Mob\FightableMob\Player\Player.h">
      <Filter>標頭檔</Filter>
    </ClInclude>
    <ClInclude Include="GameObject\Mob\Mob.h">
      <Filter>標頭檔</Filter>
    </ClInclude>
    <ClInclude Include="GameObject\Mob\Fightable.h">
      <Filter>標頭檔</Filter>
    </ClInclude>
    <ClInclude Include="GameObject\GameObject.h">
      <Filter>標頭檔</Filter>
    </ClInclude>
    <ClInclude Include="GameObject\NPC\NPC.h">
      <Filter>標頭檔</Filter>
    </ClInclude>
    <ClInclude Include="Utils\DamageObject.h">
      <Filter>標頭檔</Filter>
    </ClInclude>
    <ClInclude Include="ControlCenter\ControlCenter.h">
      <Filter>標頭檔</Filter>
    </ClInclude>
    <ClInclude Include="ControlCenter\Controller\FightController.h">
      <Filter>標頭檔</Filter>
    </ClInclude>
    <ClInclude Include="GameObject\Mob\FightableMob\FightableMob.h">
      <Filter>標頭檔</Filter>
    </ClInclude>
    <ClInclude Include="GameObject\Mob\FightableMob\Skill\Skill.h">
      <Filter>標頭檔</Filter>
    </ClInclude>
    <ClInclude Include="GameObject\Mob\FightableMob\Skill\SkillEffect\SkillEffects\HarmfulEffect.h">
      <Filter>標頭檔</Filter>
    </ClInclude>
    <ClInclude Include="GameObject\Mob\FightableMob\Skill\SkillEffect\SkillEffect.h">
      <Filter>標頭檔</Filter>
    </ClInclude>
    <ClInclude Include="ControlCenter\Controller\AttackController.h">
      <Filter>標頭檔</Filter>
    </ClInclude>
    <ClInclude Include="GameObject\Mob\FightableMob\Skill\Skills\FighterSkills\NormalAttack.h">
      <Filter>標頭檔</Filter>
    </ClInclude>
    <ClInclude Include="GameObject\Mob\FightableMob\Player\Hero\Fighter.h">
      <Filter>標頭檔</Filter>
    </ClInclude>
    <ClInclude Include="ControlCenter\Controller\CreateHeroController.h">
      <Filter>標頭檔</Filter>
    </ClInclude>
    <ClInclude Include="ControlCenter\Controller.h">
      <Filter>標頭檔</Filter>
    </ClInclude>
    <ClInclude Include="ControlCenter\Controller\GameController.h">
      <Filter>標頭檔</Filter>
    </ClInclude>
    <ClInclude Include="GameObject\Map\Map.h">
      <Filter>標頭檔</Filter>
    </ClInclude>
    <ClInclude Include="Utils\MapObjectGenerator\MapBuilder.h">
      <Filter>標頭檔</Filter>
    </ClInclude>
    <ClInclude Include="Utils\GameMap.h">
      <Filter>標頭檔</Filter>
    </ClInclude>
    <ClInclude Include="Utils\MapObjectGenerator\MapLinker.h">
      <Filter>標頭檔</Filter>
    </ClInclude>
    <ClInclude Include="Utils\MapObjectGenerator\GameMapGenerator.h">
      <Filter>標頭檔</Filter>
    </ClInclude>
    <ClInclude Include="GameObject\Mob\FightableMob\Enemy\Enemys\Wolf.h">
      <Filter>標頭檔</Filter>
    </ClInclude>
    <ClInclude Include="GameObject\Mob\FightableMob\Skill\Skills\EnemySkills\Bite.h">
      <Filter>標頭檔</Filter>
    </ClInclude>
    <ClInclude Include="GameObject\NPC\NPCs\Villager.h">
      <Filter>標頭檔</Filter>
    </ClInclude>
    <ClInclude Include="GameObject\Mob\FightableMob\Enemy\Enemy.h">
      <Filter>標頭檔</Filter>
    </ClInclude>
    <ClInclude Include="GameObject\Mob\FightableMob\Enemy\Enemys\AllMonster.h">
      <Filter>標頭檔</Filter>
    </ClInclude>
    <ClInclude Include="GameObject\Item\Item.h">
      <Filter>標頭檔</Filter>
    </ClInclude>
    <ClInclude Include="GameObject\Item\Items\WolfFur.h">
      <Filter>標頭檔</Filter>
    </ClInclude>
    <ClInclude Include="GameObject\Item\Items\AllItems.h">
      <Filter>標頭檔</Filter>
    </ClInclude>
    <ClInclude Include="Utils\Booty.h">
      <Filter>標頭檔</Filter>
    </ClInclude>
    <ClInclude Include="GameObject\Item\Items\HealWater.h">
      <Filter>標頭檔</Filter>
    </ClInclude>
    <ClInclude Include="ControlCenter\Controller\InteractiveController.h">
      <Filter>標頭檔</Filter>
    </ClInclude>
    <ClInclude Include="Utils\DialogObject.h">
      <Filter>標頭檔</Filter>
    </ClInclude>
  </ItemGroup>
</Project>